
Microsoft Visual Studio Solution File, Format Version 12.00
Project("{FAE04EC0-301F-11D3-BF4B-00C04F79EFBC}") = "Chat", "Chat.csproj", "{5086BD95-EA92-421B-BBAF-71ECA2A4DDEB}"
EndProject
Global
	GlobalSection(SolutionConfigurationPlatforms) = preSolution
		Debug|Any CPU = Debug|Any CPU
		Release|Any CPU = Release|Any CPU
	EndGlobalSection
	GlobalSection(ProjectConfigurationPlatforms) = postSolution
		{5086BD95-EA92-421B-BBAF-71ECA2A4DDEB}.Debug|Any CPU.ActiveCfg = Debug|Any CPU
		{5086BD95-EA92-421B-BBAF-71ECA2A4DDEB}.Debug|Any CPU.Build.0 = Debug|Any CPU
		{5086BD95-EA92-421B-BBAF-71ECA2A4DDEB}.Release|Any CPU.ActiveCfg = Release|Any CPU
		{5086BD95-EA92-421B-BBAF-71ECA2A4DDEB}.Release|Any CPU.Build.0 = Release|Any CPU
	EndGlobalSection
EndGlobal
